// !$*UTF8*$!
{
	archiveVersion = 1;
	classes = {
	};
	objectVersion = 55;
	objects = {

/* Begin PBXBuildFile section */
		F880356F289B0AEC0074E8DD /* AppDelegate.swift in Sources */ = {isa = PBXBuildFile; fileRef = F880356E289B0AEC0074E8DD /* AppDelegate.swift */; };
		F8803571289B0AEC0074E8DD /* SceneDelegate.swift in Sources */ = {isa = PBXBuildFile; fileRef = F8803570289B0AEC0074E8DD /* SceneDelegate.swift */; };
		F8803573289B0AEC0074E8DD /* ViewController.swift in Sources */ = {isa = PBXBuildFile; fileRef = F8803572289B0AEC0074E8DD /* ViewController.swift */; };
		F8803576289B0AEC0074E8DD /* Main.storyboard in Resources */ = {isa = PBXBuildFile; fileRef = F8803574289B0AEC0074E8DD /* Main.storyboard */; };
		F8803578289B0AEE0074E8DD /* Assets.xcassets in Resources */ = {isa = PBXBuildFile; fileRef = F8803577289B0AEE0074E8DD /* Assets.xcassets */; };
		F880357B289B0AEE0074E8DD /* LaunchScreen.storyboard in Resources */ = {isa = PBXBuildFile; fileRef = F8803579289B0AEE0074E8DD /* LaunchScreen.storyboard */; };
		F8803586289B0AEE0074E8DD /* Project01Tests.swift in Sources */ = {isa = PBXBuildFile; fileRef = F8803585289B0AEE0074E8DD /* Project01Tests.swift */; };
		F8803590289B0AEE0074E8DD /* Project01UITests.swift in Sources */ = {isa = PBXBuildFile; fileRef = F880358F289B0AEE0074E8DD /* Project01UITests.swift */; };
		F8803592289B0AEE0074E8DD /* Project01UITestsLaunchTests.swift in Sources */ = {isa = PBXBuildFile; fileRef = F8803591289B0AEE0074E8DD /* Project01UITestsLaunchTests.swift */; };
/* End PBXBuildFile section */

/* Begin PBXContainerItemProxy section */
		F8803582289B0AEE0074E8DD /* PBXContainerItemProxy */ = {
			isa = PBXContainerItemProxy;
			containerPortal = F8803563289B0AEC0074E8DD /* Project object */;
			proxyType = 1;
			remoteGlobalIDString = F880356A289B0AEC0074E8DD;
			remoteInfo = Project01;
		};
		F880358C289B0AEE0074E8DD /* PBXContainerItemProxy */ = {
			isa = PBXContainerItemProxy;
			containerPortal = F8803563289B0AEC0074E8DD /* Project object */;
			proxyType = 1;
			remoteGlobalIDString = F880356A289B0AEC0074E8DD;
			remoteInfo = Project01;
		};
/* End PBXContainerItemProxy section */

/* Begin PBXFileReference section */
		F880356B289B0AEC0074E8DD /* Project01.app */ = {isa = PBXFileReference; explicitFileType = wrapper.application; includeInIndex = 0; path = Project01.app; sourceTree = BUILT_PRODUCTS_DIR; };
		F880356E289B0AEC0074E8DD /* AppDelegate.swift */ = {isa = PBXFileReference; lastKnownFileType = sourcecode.swift; path = AppDelegate.swift; sourceTree = "<group>"; };
		F8803570289B0AEC0074E8DD /* SceneDelegate.swift */ = {isa = PBXFileReference; lastKnownFileType = sourcecode.swift; path = SceneDelegate.swift; sourceTree = "<group>"; };
		F8803572289B0AEC0074E8DD /* ViewController.swift */ = {isa = PBXFileReference; lastKnownFileType = sourcecode.swift; path = ViewController.swift; sourceTree = "<group>"; };
		F8803575289B0AEC0074E8DD /* Base */ = {isa = PBXFileReference; lastKnownFileType = file.storyboard; name = Base; path = Base.lproj/Main.storyboard; sourceTree = "<group>"; };
		F8803577289B0AEE0074E8DD /* Assets.xcassets */ = {isa = PBXFileReference; lastKnownFileType = folder.assetcatalog; path = Assets.xcassets; sourceTree = "<group>"; };
		F880357A289B0AEE0074E8DD /* Base */ = {isa = PBXFileReference; lastKnownFileType = file.storyboard; name = Base; path = Base.lproj/LaunchScreen.storyboard; sourceTree = "<group>"; };
		F880357C289B0AEE0074E8DD /* Info.plist */ = {isa = PBXFileReference; lastKnownFileType = text.plist.xml; path = Info.plist; sourceTree = "<group>"; };
		F8803581289B0AEE0074E8DD /* Project01Tests.xctest */ = {isa = PBXFileReference; explicitFileType = wrapper.cfbundle; includeInIndex = 0; path = Project01Tests.xctest; sourceTree = BUILT_PRODUCTS_DIR; };
		F8803585289B0AEE0074E8DD /* Project01Tests.swift */ = {isa = PBXFileReference; lastKnownFileType = sourcecode.swift; path = Project01Tests.swift; sourceTree = "<group>"; };
		F880358B289B0AEE0074E8DD /* Project01UITests.xctest */ = {isa = PBXFileReference; explicitFileType = wrapper.cfbundle; includeInIndex = 0; path = Project01UITests.xctest; sourceTree = BUILT_PRODUCTS_DIR; };
		F880358F289B0AEE0074E8DD /* Project01UITests.swift */ = {isa = PBXFileReference; lastKnownFileType = sourcecode.swift; path = Project01UITests.swift; sourceTree = "<group>"; };
		F8803591289B0AEE0074E8DD /* Project01UITestsLaunchTests.swift */ = {isa = PBXFileReference; lastKnownFileType = sourcecode.swift; path = Project01UITestsLaunchTests.swift; sourceTree = "<group>"; };
/* End PBXFileReference section */

/* Begin PBXFrameworksBuildPhase section */
		F8803568289B0AEC0074E8DD /* Frameworks */ = {
			isa = PBXFrameworksBuildPhase;
			buildActionMask = 2147483647;
			files = (
			);
			runOnlyForDeploymentPostprocessing = 0;
		};
		F880357E289B0AEE0074E8DD /* Frameworks */ = {
			isa = PBXFrameworksBuildPhase;
			buildActionMask = 2147483647;
			files = (
			);
			runOnlyForDeploymentPostprocessing = 0;
		};
		F8803588289B0AEE0074E8DD /* Frameworks */ = {
			isa = PBXFrameworksBuildPhase;
			buildActionMask = 2147483647;
			files = (
			);
			runOnlyForDeploymentPostprocessing = 0;
		};
/* End PBXFrameworksBuildPhase section */

/* Begin PBXGroup section */
		F8803562289B0AEC0074E8DD = {
			isa = PBXGroup;
			children = (
				F880356D289B0AEC0074E8DD /* Project01 */,
				F8803584289B0AEE0074E8DD /* Project01Tests */,
				F880358E289B0AEE0074E8DD /* Project01UITests */,
				F880356C289B0AEC0074E8DD /* Products */,
			);
			sourceTree = "<group>";
		};
		F880356C289B0AEC0074E8DD /* Products */ = {
			isa = PBXGroup;
			children = (
				F880356B289B0AEC0074E8DD /* Project01.app */,
				F8803581289B0AEE0074E8DD /* Project01Tests.xctest */,
				F880358B289B0AEE0074E8DD /* Project01UITests.xctest */,
			);
			name = Products;
			sourceTree = "<group>";
		};
		F880356D289B0AEC0074E8DD /* Project01 */ = {
			isa = PBXGroup;
			children = (
				F880356E289B0AEC0074E8DD /* AppDelegate.swift */,
				F8803570289B0AEC0074E8DD /* SceneDelegate.swift */,
				F8803572289B0AEC0074E8DD /* ViewController.swift */,
				F8803574289B0AEC0074E8DD /* Main.storyboard */,
				F8803577289B0AEE0074E8DD /* Assets.xcassets */,
				F8803579289B0AEE0074E8DD /* LaunchScreen.storyboard */,
				F880357C289B0AEE0074E8DD /* Info.plist */,
			);
			path = Project01;
			sourceTree = "<group>";
		};
		F8803584289B0AEE0074E8DD /* Project01Tests */ = {
			isa = PBXGroup;
			children = (
				F8803585289B0AEE0074E8DD /* Project01Tests.swift */,
			);
			path = Project01Tests;
			sourceTree = "<group>";
		};
		F880358E289B0AEE0074E8DD /* Project01UITests */ = {
			isa = PBXGroup;
			children = (
				F880358F289B0AEE0074E8DD /* Project01UITests.swift */,
				F8803591289B0AEE0074E8DD /* Project01UITestsLaunchTests.swift */,
			);
			path = Project01UITests;
			sourceTree = "<group>";
		};
/* End PBXGroup section */

/* Begin PBXNativeTarget section */
		F880356A289B0AEC0074E8DD /* Project01 */ = {
			isa = PBXNativeTarget;
			buildConfigurationList = F8803595289B0AEE0074E8DD /* Build configuration list for PBXNativeTarget "Project01" */;
			buildPhases = (
				F8803567289B0AEC0074E8DD /* Sources */,
				F8803568289B0AEC0074E8DD /* Frameworks */,
				F8803569289B0AEC0074E8DD /* Resources */,
			);
			buildRules = (
			);
			dependencies = (
			);
			name = Project01;
			productName = Project01;
			productReference = F880356B289B0AEC0074E8DD /* Project01.app */;
			productType = "com.apple.product-type.application";
		};
		F8803580289B0AEE0074E8DD /* Project01Tests */ = {
			isa = PBXNativeTarget;
			buildConfigurationList = F8803598289B0AEE0074E8DD /* Build configuration list for PBXNativeTarget "Project01Tests" */;
			buildPhases = (
				F880357D289B0AEE0074E8DD /* Sources */,
				F880357E289B0AEE0074E8DD /* Frameworks */,
				F880357F289B0AEE0074E8DD /* Resources */,
			);
			buildRules = (
			);
			dependencies = (
				F8803583289B0AEE0074E8DD /* PBXTargetDependency */,
			);
			name = Project01Tests;
			productName = Project01Tests;
			productReference = F8803581289B0AEE0074E8DD /* Project01Tests.xctest */;
			productType = "com.apple.product-type.bundle.unit-test";
		};
		F880358A289B0AEE0074E8DD /* Project01UITests */ = {
			isa = PBXNativeTarget;
			buildConfigurationList = F880359B289B0AEE0074E8DD /* Build configuration list for PBXNativeTarget "Project01UITests" */;
			buildPhases = (
				F8803587289B0AEE0074E8DD /* Sources */,
				F8803588289B0AEE0074E8DD /* Frameworks */,
				F8803589289B0AEE0074E8DD /* Resources */,
			);
			buildRules = (
			);
			dependencies = (
				F880358D289B0AEE0074E8DD /* PBXTargetDependency */,
			);
			name = Project01UITests;
			productName = Project01UITests;
			productReference = F880358B289B0AEE0074E8DD /* Project01UITests.xctest */;
			productType = "com.apple.product-type.bundle.ui-testing";
		};
/* End PBXNativeTarget section */

/* Begin PBXProject section */
		F8803563289B0AEC0074E8DD /* Project object */ = {
			isa = PBXProject;
			attributes = {
				BuildIndependentTargetsInParallel = 1;
				LastSwiftUpdateCheck = 1340;
				LastUpgradeCheck = 1340;
				TargetAttributes = {
					F880356A289B0AEC0074E8DD = {
						CreatedOnToolsVersion = 13.4.1;
					};
					F8803580289B0AEE0074E8DD = {
						CreatedOnToolsVersion = 13.4.1;
						TestTargetID = F880356A289B0AEC0074E8DD;
					};
					F880358A289B0AEE0074E8DD = {
						CreatedOnToolsVersion = 13.4.1;
						TestTargetID = F880356A289B0AEC0074E8DD;
					};
				};
			};
			buildConfigurationList = F8803566289B0AEC0074E8DD /* Build configuration list for PBXProject "Project01" */;
			compatibilityVersion = "Xcode 13.0";
			developmentRegion = en;
			hasScannedForEncodings = 0;
			knownRegions = (
				en,
				Base,
			);
			mainGroup = F8803562289B0AEC0074E8DD;
			productRefGroup = F880356C289B0AEC0074E8DD /* Products */;
			projectDirPath = "";
			projectRoot = "";
			targets = (
				F880356A289B0AEC0074E8DD /* Project01 */,
				F8803580289B0AEE0074E8DD /* Project01Tests */,
				F880358A289B0AEE0074E8DD /* Project01UITests */,
			);
		};
/* End PBXProject section */

/* Begin PBXResourcesBuildPhase section */
		F8803569289B0AEC0074E8DD /* Resources */ = {
			isa = PBXResourcesBuildPhase;
			buildActionMask = 2147483647;
			files = (
				F880357B289B0AEE0074E8DD /* LaunchScreen.storyboard in Resources */,
				F8803578289B0AEE0074E8DD /* Assets.xcassets in Resources */,
				F8803576289B0AEC0074E8DD /* Main.storyboard in Resources */,
			);
			runOnlyForDeploymentPostprocessing = 0;
		};
		F880357F289B0AEE0074E8DD /* Resources */ = {
			isa = PBXResourcesBuildPhase;
			buildActionMask = 2147483647;
			files = (
			);
			runOnlyForDeploymentPostprocessing = 0;
		};
		F8803589289B0AEE0074E8DD /* Resources */ = {
			isa = PBXResourcesBuildPhase;
			buildActionMask = 2147483647;
			files = (
			);
			runOnlyForDeploymentPostprocessing = 0;
		};
/* End PBXResourcesBuildPhase section */

/* Begin PBXSourcesBuildPhase section */
		F8803567289B0AEC0074E8DD /* Sources */ = {
			isa = PBXSourcesBuildPhase;
			buildActionMask = 2147483647;
			files = (
				F8803573289B0AEC0074E8DD /* ViewController.swift in Sources */,
				F880356F289B0AEC0074E8DD /* AppDelegate.swift in Sources */,
				F8803571289B0AEC0074E8DD /* SceneDelegate.swift in Sources */,
			);
			runOnlyForDeploymentPostprocessing = 0;
		};
		F880357D289B0AEE0074E8DD /* Sources */ = {
			isa = PBXSourcesBuildPhase;
			buildActionMask = 2147483647;
			files = (
				F8803586289B0AEE0074E8DD /* Project01Tests.swift in Sources */,
			);
			runOnlyForDeploymentPostprocessing = 0;
		};
		F8803587289B0AEE0074E8DD /* Sources */ = {
			isa = PBXSourcesBuildPhase;
			buildActionMask = 2147483647;
			files = (
				F8803590289B0AEE0074E8DD /* Project01UITests.swift in Sources */,
				F8803592289B0AEE0074E8DD /* Project01UITestsLaunchTests.swift in Sources */,
			);
			runOnlyForDeploymentPostprocessing = 0;
		};
/* End PBXSourcesBuildPhase section */

/* Begin PBXTargetDependency section */
		F8803583289B0AEE0074E8DD /* PBXTargetDependency */ = {
			isa = PBXTargetDependency;
			target = F880356A289B0AEC0074E8DD /* Project01 */;
			targetProxy = F8803582289B0AEE0074E8DD /* PBXContainerItemProxy */;
		};
		F880358D289B0AEE0074E8DD /* PBXTargetDependency */ = {
			isa = PBXTargetDependency;
			target = F880356A289B0AEC0074E8DD /* Project01 */;
			targetProxy = F880358C289B0AEE0074E8DD /* PBXContainerItemProxy */;
		};
/* End PBXTargetDependency section */

/* Begin PBXVariantGroup section */
		F8803574289B0AEC0074E8DD /* Main.storyboard */ = {
			isa = PBXVariantGroup;
			children = (
				F8803575289B0AEC0074E8DD /* Base */,
			);
			name = Main.storyboard;
			sourceTree = "<group>";
		};
		F8803579289B0AEE0074E8DD /* LaunchScreen.storyboard */ = {
			isa = PBXVariantGroup;
			children = (
				F880357A289B0AEE0074E8DD /* Base */,
			);
			name = LaunchScreen.storyboard;
			sourceTree = "<group>";
		};
/* End PBXVariantGroup section */

/* Begin XCBuildConfiguration section */
		F8803593289B0AEE0074E8DD /* Debug */ = {
			isa = XCBuildConfiguration;
			buildSettings = {
				ALWAYS_SEARCH_USER_PATHS = NO;
				CLANG_ANALYZER_NONNULL = YES;
				CLANG_ANALYZER_NUMBER_OBJECT_CONVERSION = YES_AGGRESSIVE;
				CLANG_CXX_LANGUAGE_STANDARD = "gnu++17";
				CLANG_ENABLE_MODULES = YES;
				CLANG_ENABLE_OBJC_ARC = YES;
				CLANG_ENABLE_OBJC_WEAK = YES;
				CLANG_WARN_BLOCK_CAPTURE_AUTORELEASING = YES;
				CLANG_WARN_BOOL_CONVERSION = YES;
				CLANG_WARN_COMMA = YES;
				CLANG_WARN_CONSTANT_CONVERSION = YES;
				CLANG_WARN_DEPRECATED_OBJC_IMPLEMENTATIONS = YES;
				CLANG_WARN_DIRECT_OBJC_ISA_USAGE = YES_ERROR;
				CLANG_WARN_DOCUMENTATION_COMMENTS = YES;
				CLANG_WARN_EMPTY_BODY = YES;
				CLANG_WARN_ENUM_CONVERSION = YES;
				CLANG_WARN_INFINITE_RECURSION = YES;
				CLANG_WARN_INT_CONVERSION = YES;
				CLANG_WARN_NON_LITERAL_NULL_CONVERSION = YES;
				CLANG_WARN_OBJC_IMPLICIT_RETAIN_SELF = YES;
				CLANG_WARN_OBJC_LITERAL_CONVERSION = YES;
				CLANG_WARN_OBJC_ROOT_CLASS = YES_ERROR;
				CLANG_WARN_QUOTED_INCLUDE_IN_FRAMEWORK_HEADER = YES;
				CLANG_WARN_RANGE_LOOP_ANALYSIS = YES;
				CLANG_WARN_STRICT_PROTOTYPES = YES;
				CLANG_WARN_SUSPICIOUS_MOVE = YES;
				CLANG_WARN_UNGUARDED_AVAILABILITY = YES_AGGRESSIVE;
				CLANG_WARN_UNREACHABLE_CODE = YES;
				CLANG_WARN__DUPLICATE_METHOD_MATCH = YES;
				COPY_PHASE_STRIP = NO;
				DEBUG_INFORMATION_FORMAT = dwarf;
				ENABLE_STRICT_OBJC_MSGSEND = YES;
				ENABLE_TESTABILITY = YES;
				GCC_C_LANGUAGE_STANDARD = gnu11;
				GCC_DYNAMIC_NO_PIC = NO;
				GCC_NO_COMMON_BLOCKS = YES;
				GCC_OPTIMIZATION_LEVEL = 0;
				GCC_PREPROCESSOR_DEFINITIONS = (
					"DEBUG=1",
					"$(inherited)",
				);
				GCC_WARN_64_TO_32_BIT_CONVERSION = YES;
				GCC_WARN_ABOUT_RETURN_TYPE = YES_ERROR;
				GCC_WARN_UNDECLARED_SELECTOR = YES;
				GCC_WARN_UNINITIALIZED_AUTOS = YES_AGGRESSIVE;
				GCC_WARN_UNUSED_FUNCTION = YES;
				GCC_WARN_UNUSED_VARIABLE = YES;
				IPHONEOS_DEPLOYMENT_TARGET = 15.5;
				MTL_ENABLE_DEBUG_INFO = INCLUDE_SOURCE;
				MTL_FAST_MATH = YES;
				ONLY_ACTIVE_ARCH = YES;
				SDKROOT = iphoneos;
				SWIFT_ACTIVE_COMPILATION_CONDITIONS = DEBUG;
				SWIFT_OPTIMIZATION_LEVEL = "-Onone";
			};
			name = Debug;
		};
		F8803594289B0AEE0074E8DD /* Release */ = {
			isa = XCBuildConfiguration;
			buildSettings = {
				ALWAYS_SEARCH_USER_PATHS = NO;
				CLANG_ANALYZER_NONNULL = YES;
				CLANG_ANALYZER_NUMBER_OBJECT_CONVERSION = YES_AGGRESSIVE;
				CLANG_CXX_LANGUAGE_STANDARD = "gnu++17";
				CLANG_ENABLE_MODULES = YES;
				CLANG_ENABLE_OBJC_ARC = YES;
				CLANG_ENABLE_OBJC_WEAK = YES;
				CLANG_WARN_BLOCK_CAPTURE_AUTORELEASING = YES;
				CLANG_WARN_BOOL_CONVERSION = YES;
				CLANG_WARN_COMMA = YES;
				CLANG_WARN_CONSTANT_CONVERSION = YES;
				CLANG_WARN_DEPRECATED_OBJC_IMPLEMENTATIONS = YES;
				CLANG_WARN_DIRECT_OBJC_ISA_USAGE = YES_ERROR;
				CLANG_WARN_DOCUMENTATION_COMMENTS = YES;
				CLANG_WARN_EMPTY_BODY = YES;
				CLANG_WARN_ENUM_CONVERSION = YES;
				CLANG_WARN_INFINITE_RECURSION = YES;
				CLANG_WARN_INT_CONVERSION = YES;
				CLANG_WARN_NON_LITERAL_NULL_CONVERSION = YES;
				CLANG_WARN_OBJC_IMPLICIT_RETAIN_SELF = YES;
				CLANG_WARN_OBJC_LITERAL_CONVERSION = YES;
				CLANG_WARN_OBJC_ROOT_CLASS = YES_ERROR;
				CLANG_WARN_QUOTED_INCLUDE_IN_FRAMEWORK_HEADER = YES;
				CLANG_WARN_RANGE_LOOP_ANALYSIS = YES;
				CLANG_WARN_STRICT_PROTOTYPES = YES;
				CLANG_WARN_SUSPICIOUS_MOVE = YES;
				CLANG_WARN_UNGUARDED_AVAILABILITY = YES_AGGRESSIVE;
				CLANG_WARN_UNREACHABLE_CODE = YES;
				CLANG_WARN__DUPLICATE_METHOD_MATCH = YES;
				COPY_PHASE_STRIP = NO;
				DEBUG_INFORMATION_FORMAT = "dwarf-with-dsym";
				ENABLE_NS_ASSERTIONS = NO;
				ENABLE_STRICT_OBJC_MSGSEND = YES;
				GCC_C_LANGUAGE_STANDARD = gnu11;
				GCC_NO_COMMON_BLOCKS = YES;
				GCC_WARN_64_TO_32_BIT_CONVERSION = YES;
				GCC_WARN_ABOUT_RETURN_TYPE = YES_ERROR;
				GCC_WARN_UNDECLARED_SELECTOR = YES;
				GCC_WARN_UNINITIALIZED_AUTOS = YES_AGGRESSIVE;
				GCC_WARN_UNUSED_FUNCTION = YES;
				GCC_WARN_UNUSED_VARIABLE = YES;
				IPHONEOS_DEPLOYMENT_TARGET = 15.5;
				MTL_ENABLE_DEBUG_INFO = NO;
				MTL_FAST_MATH = YES;
				SDKROOT = iphoneos;
				SWIFT_COMPILATION_MODE = wholemodule;
				SWIFT_OPTIMIZATION_LEVEL = "-O";
				VALIDATE_PRODUCT = YES;
			};
			name = Release;
		};
		F8803596289B0AEE0074E8DD /* Debug */ = {
			isa = XCBuildConfiguration;
			buildSettings = {
				ASSETCATALOG_COMPILER_APPICON_NAME = AppIcon;
				ASSETCATALOG_COMPILER_GLOBAL_ACCENT_COLOR_NAME = AccentColor;
				CODE_SIGN_STYLE = Automatic;
				CURRENT_PROJECT_VERSION = 1;
				DEVELOPMENT_TEAM = EKZMJ583Y3;
				GENERATE_INFOPLIST_FILE = YES;
				INFOPLIST_FILE = Project01/Info.plist;
				INFOPLIST_KEY_UIApplicationSupportsIndirectInputEvents = YES;
				INFOPLIST_KEY_UILaunchStoryboardName = LaunchScreen;
				INFOPLIST_KEY_UIMainStoryboardFile = Main;
				INFOPLIST_KEY_UISupportedInterfaceOrientations_iPad = "UIInterfaceOrientationPortrait UIInterfaceOrientationPortraitUpsideDown UIInterfaceOrientationLandscapeLeft UIInterfaceOrientationLandscapeRight";
				INFOPLIST_KEY_UISupportedInterfaceOrientations_iPhone = "UIInterfaceOrientationPortrait UIInterfaceOrientationLandscapeLeft UIInterfaceOrientationLandscapeRight";
				LD_RUNPATH_SEARCH_PATHS = (
					"$(inherited)",
					"@executable_path/Frameworks",
				);
				MARKETING_VERSION = 1.0;
				PRODUCT_BUNDLE_IDENTIFIER = com.CRG.Project01;
				PRODUCT_NAME = "$(TARGET_NAME)";
				SWIFT_EMIT_LOC_STRINGS = YES;
				SWIFT_VERSION = 5.0;
				TARGETED_DEVICE_FAMILY = "1,2";
			};
			name = Debug;
		};
		F8803597289B0AEE0074E8DD /* Release */ = {
			isa = XCBuildConfiguration;
			buildSettings = {
				ASSETCATALOG_COMPILER_APPICON_NAME = AppIcon;
				ASSETCATALOG_COMPILER_GLOBAL_ACCENT_COLOR_NAME = AccentColor;
				CODE_SIGN_STYLE = Automatic;
				CURRENT_PROJECT_VERSION = 1;
				DEVELOPMENT_TEAM = EKZMJ583Y3;
				GENERATE_INFOPLIST_FILE = YES;
				INFOPLIST_FILE = Project01/Info.plist;
				INFOPLIST_KEY_UIApplicationSupportsIndirectInputEvents = YES;
				INFOPLIST_KEY_UILaunchStoryboardName = LaunchScreen;
				INFOPLIST_KEY_UIMainStoryboardFile = Main;
				INFOPLIST_KEY_UISupportedInterfaceOrientations_iPad = "UIInterfaceOrientationPortrait UIInterfaceOrientationPortraitUpsideDown UIInterfaceOrientationLandscapeLeft UIInterfaceOrientationLandscapeRight";
				INFOPLIST_KEY_UISupportedInterfaceOrientations_iPhone = "UIInterfaceOrientationPortrait UIInterfaceOrientationLandscapeLeft UIInterfaceOrientationLandscapeRight";
				LD_RUNPATH_SEARCH_PATHS = (
					"$(inherited)",
					"@executable_path/Frameworks",
				);
				MARKETING_VERSION = 1.0;
				PRODUCT_BUNDLE_IDENTIFIER = com.CRG.Project01;
				PRODUCT_NAME = "$(TARGET_NAME)";
				SWIFT_EMIT_LOC_STRINGS = YES;
				SWIFT_VERSION = 5.0;
				TARGETED_DEVICE_FAMILY = "1,2";
			};
			name = Release;
		};
		F8803599289B0AEE0074E8DD /* Debug */ = {
			isa = XCBuildConfiguration;
			buildSettings = {
				ALWAYS_EMBED_SWIFT_STANDARD_LIBRARIES = YES;
				BUNDLE_LOADER = "$(TEST_HOST)";
				CODE_SIGN_STYLE = Automatic;
				CURRENT_PROJECT_VERSION = 1;
				DEVELOPMENT_TEAM = EKZMJ583Y3;
				GENERATE_INFOPLIST_FILE = YES;
				IPHONEOS_DEPLOYMENT_TARGET = 15.5;
				MARKETING_VERSION = 1.0;
				PRODUCT_BUNDLE_IDENTIFIER = com.CRG.Project01Tests;
				PRODUCT_NAME = "$(TARGET_NAME)";
				SWIFT_EMIT_LOC_STRINGS = NO;
				SWIFT_VERSION = 5.0;
				TARGETED_DEVICE_FAMILY = "1,2";
				TEST_HOST = "$(BUILT_PRODUCTS_DIR)/Project01.app/Project01";
			};
			name = Debug;
		};
		F880359A289B0AEE0074E8DD /* Release */ = {
			isa = XCBuildConfiguration;
			buildSettings = {
				ALWAYS_EMBED_SWIFT_STANDARD_LIBRARIES = YES;
				BUNDLE_LOADER = "$(TEST_HOST)";
				CODE_SIGN_STYLE = Automatic;
				CURRENT_PROJECT_VERSION = 1;
				DEVELOPMENT_TEAM = EKZMJ583Y3;
				GENERATE_INFOPLIST_FILE = YES;
				IPHONEOS_DEPLOYMENT_TARGET = 15.5;
				MARKETING_VERSION = 1.0;
				PRODUCT_BUNDLE_IDENTIFIER = com.CRG.Project01Tests;
				PRODUCT_NAME = "$(TARGET_NAME)";
				SWIFT_EMIT_LOC_STRINGS = NO;
				SWIFT_VERSION = 5.0;
				TARGETED_DEVICE_FAMILY = "1,2";
				TEST_HOST = "$(BUILT_PRODUCTS_DIR)/Project01.app/Project01";
			};
			name = Release;
		};
		F880359C289B0AEE0074E8DD /* Debug */ = {
			isa = XCBuildConfiguration;
			buildSettings = {
				ALWAYS_EMBED_SWIFT_STANDARD_LIBRARIES = YES;
				CODE_SIGN_STYLE = Automatic;
				CURRENT_PROJECT_VERSION = 1;
				DEVELOPMENT_TEAM = EKZMJ583Y3;
				GENERATE_INFOPLIST_FILE = YES;
				MARKETING_VERSION = 1.0;
				PRODUCT_BUNDLE_IDENTIFIER = com.CRG.Project01UITests;
				PRODUCT_NAME = "$(TARGET_NAME)";
				SWIFT_EMIT_LOC_STRINGS = NO;
				SWIFT_VERSION = 5.0;
				TARGETED_DEVICE_FAMILY = "1,2";
				TEST_TARGET_NAME = Project01;
			};
			name = Debug;
		};
		F880359D289B0AEE0074E8DD /* Release */ = {
			isa = XCBuildConfiguration;
			buildSettings = {
				ALWAYS_EMBED_SWIFT_STANDARD_LIBRARIES = YES;
				CODE_SIGN_STYLE = Automatic;
				CURRENT_PROJECT_VERSION = 1;
				DEVELOPMENT_TEAM = EKZMJ583Y3;
				GENERATE_INFOPLIST_FILE = YES;
				MARKETING_VERSION = 1.0;
				PRODUCT_BUNDLE_IDENTIFIER = com.CRG.Project01UITests;
				PRODUCT_NAME = "$(TARGET_NAME)";
				SWIFT_EMIT_LOC_STRINGS = NO;
				SWIFT_VERSION = 5.0;
				TARGETED_DEVICE_FAMILY = "1,2";
				TEST_TARGET_NAME = Project01;
			};
			name = Release;
		};
/* End XCBuildConfiguration section */

/* Begin XCConfigurationList section */
		F8803566289B0AEC0074E8DD /* Build configuration list for PBXProject "Project01" */ = {
			isa = XCConfigurationList;
			buildConfigurations = (
				F8803593289B0AEE0074E8DD /* Debug */,
				F8803594289B0AEE0074E8DD /* Release */,
			);
			defaultConfigurationIsVisible = 0;
			defaultConfigurationName = Release;
		};
		F8803595289B0AEE0074E8DD /* Build configuration list for PBXNativeTarget "Project01" */ = {
			isa = XCConfigurationList;
			buildConfigurations = (
				F8803596289B0AEE0074E8DD /* Debug */,
				F8803597289B0AEE0074E8DD /* Release */,
			);
			defaultConfigurationIsVisible = 0;
			defaultConfigurationName = Release;
		};
		F8803598289B0AEE0074E8DD /* Build configuration list for PBXNativeTarget "Project01Tests" */ = {
			isa = XCConfigurationList;
			buildConfigurations = (
				F8803599289B0AEE0074E8DD /* Debug */,
				F880359A289B0AEE0074E8DD /* Release */,
			);
			defaultConfigurationIsVisible = 0;
			defaultConfigurationName = Release;
		};
		F880359B289B0AEE0074E8DD /* Build configuration list for PBXNativeTarget "Project01UITests" */ = {
			isa = XCConfigurationList;
			buildConfigurations = (
				F880359C289B0AEE0074E8DD /* Debug */,
				F880359D289B0AEE0074E8DD /* Release */,
			);
			defaultConfigurationIsVisible = 0;
			defaultConfigurationName = Release;
		};
/* End XCConfigurationList section */
	};
	rootObject = F8803563289B0AEC0074E8DD /* Project object */;
}
